
Microsoft Visual Studio Solution File, Format Version 12.00
# Visual Studio 15
VisualStudioVersion = 15.0.28307.168
MinimumVisualStudioVersion = 10.0.40219.1
Project("{9A19103F-16F7-4668-BE54-9A1E7A4F7556}") = "SportsStore", "SportsStore\SportsStore.csproj", "{83397F4E-7469-4F0D-92C0-F46941494C82}"
EndProject
Project("{FAE04EC0-301F-11D3-BF4B-00C04F79EFBC}") = "SportsStore.Tests", "SportsStore.Tests\SportsStore.Tests.csproj", "{75CEC77E-1D4B-45F9-B603-65F11BB18B65}"
EndProject
Global
	GlobalSection(SolutionConfigurationPlatforms) = preSolution
		Debug|Any CPU = Debug|Any CPU
		Release|Any CPU = Release|Any CPU
	EndGlobalSection
	GlobalSection(ProjectConfigurationPlatforms) = postSolution
		{83397F4E-7469-4F0D-92C0-F46941494C82}.Debug|Any CPU.ActiveCfg = Debug|Any CPU
		{83397F4E-7469-4F0D-92C0-F46941494C82}.Debug|Any CPU.Build.0 = Debug|Any CPU
		{83397F4E-7469-4F0D-92C0-F46941494C82}.Release|Any CPU.ActiveCfg = Release|Any CPU
		{83397F4E-7469-4F0D-92C0-F46941494C82}.Release|Any CPU.Build.0 = Release|Any CPU
		{75CEC77E-1D4B-45F9-B603-65F11BB18B65}.Debug|Any CPU.ActiveCfg = Debug|Any CPU
		{75CEC77E-1D4B-45F9-B603-65F11BB18B65}.Debug|Any CPU.Build.0 = Debug|Any CPU
		{75CEC77E-1D4B-45F9-B603-65F11BB18B65}.Release|Any CPU.ActiveCfg = Release|Any CPU
		{75CEC77E-1D4B-45F9-B603-65F11BB18B65}.Release|Any CPU.Build.0 = Release|Any CPU
	EndGlobalSection
	GlobalSection(SolutionProperties) = preSolution
		HideSolutionNode = FALSE
	EndGlobalSection
	GlobalSection(ExtensibilityGlobals) = postSolution
		SolutionGuid = {9487FCB7-8446-495A-AA1A-C0354E5D4367}
	EndGlobalSection
EndGlobal
